
Microsoft Visual Studio Solution File, Format Version 12.00
# Visual Studio Version 16
VisualStudioVersion = 16.0.30611.23
MinimumVisualStudioVersion = 10.0.40219.1
Project("{FAE04EC0-301F-11D3-BF4B-00C04F79EFBC}") = "H3K", "H3K\H3K.csproj", "{20E2F9F9-B1FF-4E36-958B-45D7507D918E}"
EndProject
Global
	GlobalSection(SolutionConfigurationPlatforms) = preSolution
		Debug|Any CPU = Debug|Any CPU
		Release|Any CPU = Release|Any CPU
	EndGlobalSection
	GlobalSection(ProjectConfigurationPlatforms) = postSolution
		{20E2F9F9-B1FF-4E36-958B-45D7507D918E}.Debug|Any CPU.ActiveCfg = Debug|Any CPU
		{20E2F9F9-B1FF-4E36-958B-45D7507D918E}.Debug|Any CPU.Build.0 = Debug|Any CPU
		{20E2F9F9-B1FF-4E36-958B-45D7507D918E}.Release|Any CPU.ActiveCfg = Release|Any CPU
		{20E2F9F9-B1FF-4E36-958B-45D7507D918E}.Release|Any CPU.Build.0 = Release|Any CPU
	EndGlobalSection
	GlobalSection(SolutionProperties) = preSolution
		HideSolutionNode = FALSE
	EndGlobalSection
	GlobalSection(ExtensibilityGlobals) = postSolution
		SolutionGuid = {1E1B88B7-ABBC-4416-BD52-9D38A34816F8}
	EndGlobalSection
EndGlobal
